Microsoft Visual Studio Solution File, Format Version 12.00
# Visual Studio Version 17
VisualStudioVersion = 17.5.2.0
MinimumVisualStudioVersion = 10.0.40219.1
Project("{FAE04EC0-301F-11D3-BF4B-00C04F79EFBC}") = "telemetry-sqs-to-s3-dotnet", "telemetry-sqs-to-s3-dotnet\telemetry-sqs-to-s3-dotnet.csproj", "{BCBB7CCC-D2C2-39CC-5BB5-8A16B0552269}"
EndProject
Project("{2150E333-8FDC-42A3-9474-1A3956D46DE8}") = "cdk", "cdk", "{C032BA6F-9001-F942-CD46-D0D39C7C83D5}"
EndProject
Project("{2150E333-8FDC-42A3-9474-1A3956D46DE8}") = "node_modules", "node_modules", "{2ED13A40-D289-03EF-86C6-67E191B3E4D2}"
EndProject
Project("{2150E333-8FDC-42A3-9474-1A3956D46DE8}") = "aws-cdk", "aws-cdk", "{90C0C787-DBFC-F560-3761-8306745CF663}"
EndProject
Project("{2150E333-8FDC-42A3-9474-1A3956D46DE8}") = "lib", "lib", "{E5FAC94F-5E58-489E-F050-D714BCEA9091}"
EndProject
Project("{2150E333-8FDC-42A3-9474-1A3956D46DE8}") = "init-templates", "init-templates", "{B5FA4703-5A81-A6D3-AB69-13BA0CE61FEE}"
EndProject
Project("{2150E333-8FDC-42A3-9474-1A3956D46DE8}") = "app", "app", "{2E23FDF7-0447-8A1F-B84F-E8431911A276}"
EndProject
Project("{2150E333-8FDC-42A3-9474-1A3956D46DE8}") = "csharp", "csharp", "{41E68D3A-9504-2BAC-EF6F-E7CE9CAF076F}"
EndProject
Project("{2150E333-8FDC-42A3-9474-1A3956D46DE8}") = "src", "src", "{B74D3B24-2F1E-175A-7BC9-EF176119C318}"
EndProject
Project("{2150E333-8FDC-42A3-9474-1A3956D46DE8}") = "%name.PascalCased%", "%name.PascalCased%", "{2F383517-86ED-F180-3CFA-43FB4D10C80B}"
EndProject
Project("{FAE04EC0-301F-11D3-BF4B-00C04F79EFBC}") = "%name.PascalCased%.template", "cdk\node_modules\aws-cdk\lib\init-templates\app\csharp\src\%name.PascalCased%\%name.PascalCased%.template.csproj", "{871A94C1-F362-FDB7-8F13-EB26E41A8546}"
EndProject
Project("{2150E333-8FDC-42A3-9474-1A3956D46DE8}") = "sample-app", "sample-app", "{66F7468C-78DA-7890-596D-6E22EAA4FBAE}"
EndProject
Project("{2150E333-8FDC-42A3-9474-1A3956D46DE8}") = "csharp", "csharp", "{3C4DF28C-6C72-9579-3046-AAD8B0A7A022}"
EndProject
Project("{2150E333-8FDC-42A3-9474-1A3956D46DE8}") = "src", "src", "{1C2EB30A-07F3-29FA-9C62-BA6BDF10B7D9}"
EndProject
Project("{2150E333-8FDC-42A3-9474-1A3956D46DE8}") = "%name.PascalCased%", "%name.PascalCased%", "{85E3FD93-D6BA-3DD8-499A-A64EC15BDC56}"
EndProject
Project("{FAE04EC0-301F-11D3-BF4B-00C04F79EFBC}") = "%name.PascalCased%.template", "cdk\node_modules\aws-cdk\lib\init-templates\sample-app\csharp\src\%name.PascalCased%\%name.PascalCased%.template.csproj", "{5F985FD4-67D0-A845-2FEB-B57C57DB23D5}"
EndProject
Global
	GlobalSection(SolutionConfigurationPlatforms) = preSolution
		Debug|Any CPU = Debug|Any CPU
		Release|Any CPU = Release|Any CPU
	EndGlobalSection
	GlobalSection(ProjectConfigurationPlatforms) = postSolution
		{BCBB7CCC-D2C2-39CC-5BB5-8A16B0552269}.Debug|Any CPU.ActiveCfg = Debug|Any CPU
		{BCBB7CCC-D2C2-39CC-5BB5-8A16B0552269}.Debug|Any CPU.Build.0 = Debug|Any CPU
		{BCBB7CCC-D2C2-39CC-5BB5-8A16B0552269}.Release|Any CPU.ActiveCfg = Release|Any CPU
		{BCBB7CCC-D2C2-39CC-5BB5-8A16B0552269}.Release|Any CPU.Build.0 = Release|Any CPU
		{871A94C1-F362-FDB7-8F13-EB26E41A8546}.Debug|Any CPU.ActiveCfg = Debug|Any CPU
		{871A94C1-F362-FDB7-8F13-EB26E41A8546}.Debug|Any CPU.Build.0 = Debug|Any CPU
		{871A94C1-F362-FDB7-8F13-EB26E41A8546}.Release|Any CPU.ActiveCfg = Release|Any CPU
		{871A94C1-F362-FDB7-8F13-EB26E41A8546}.Release|Any CPU.Build.0 = Release|Any CPU
		{5F985FD4-67D0-A845-2FEB-B57C57DB23D5}.Debug|Any CPU.ActiveCfg = Debug|Any CPU
		{5F985FD4-67D0-A845-2FEB-B57C57DB23D5}.Debug|Any CPU.Build.0 = Debug|Any CPU
		{5F985FD4-67D0-A845-2FEB-B57C57DB23D5}.Release|Any CPU.ActiveCfg = Release|Any CPU
		{5F985FD4-67D0-A845-2FEB-B57C57DB23D5}.Release|Any CPU.Build.0 = Release|Any CPU
	EndGlobalSection
	GlobalSection(SolutionProperties) = preSolution
		HideSolutionNode = FALSE
	EndGlobalSection
	GlobalSection(NestedProjects) = preSolution
		{2ED13A40-D289-03EF-86C6-67E191B3E4D2} = {C032BA6F-9001-F942-CD46-D0D39C7C83D5}
		{90C0C787-DBFC-F560-3761-8306745CF663} = {2ED13A40-D289-03EF-86C6-67E191B3E4D2}
		{E5FAC94F-5E58-489E-F050-D714BCEA9091} = {90C0C787-DBFC-F560-3761-8306745CF663}
		{B5FA4703-5A81-A6D3-AB69-13BA0CE61FEE} = {E5FAC94F-5E58-489E-F050-D714BCEA9091}
		{2E23FDF7-0447-8A1F-B84F-E8431911A276} = {B5FA4703-5A81-A6D3-AB69-13BA0CE61FEE}
		{41E68D3A-9504-2BAC-EF6F-E7CE9CAF076F} = {2E23FDF7-0447-8A1F-B84F-E8431911A276}
		{B74D3B24-2F1E-175A-7BC9-EF176119C318} = {41E68D3A-9504-2BAC-EF6F-E7CE9CAF076F}
		{2F383517-86ED-F180-3CFA-43FB4D10C80B} = {B74D3B24-2F1E-175A-7BC9-EF176119C318}
		{871A94C1-F362-FDB7-8F13-EB26E41A8546} = {2F383517-86ED-F180-3CFA-43FB4D10C80B}
		{66F7468C-78DA-7890-596D-6E22EAA4FBAE} = {B5FA4703-5A81-A6D3-AB69-13BA0CE61FEE}
		{3C4DF28C-6C72-9579-3046-AAD8B0A7A022} = {66F7468C-78DA-7890-596D-6E22EAA4FBAE}
		{1C2EB30A-07F3-29FA-9C62-BA6BDF10B7D9} = {3C4DF28C-6C72-9579-3046-AAD8B0A7A022}
		{85E3FD93-D6BA-3DD8-499A-A64EC15BDC56} = {1C2EB30A-07F3-29FA-9C62-BA6BDF10B7D9}
		{5F985FD4-67D0-A845-2FEB-B57C57DB23D5} = {85E3FD93-D6BA-3DD8-499A-A64EC15BDC56}
	EndGlobalSection
	GlobalSection(ExtensibilityGlobals) = postSolution
		SolutionGuid = {198E2DFE-477A-48D4-B763-FACC6FA308D8}
	EndGlobalSection
EndGlobal
